
Microsoft Visual Studio Solution File, Format Version 12.00
# Visual Studio Version 17
VisualStudioVersion = 17.10.35013.160
MinimumVisualStudioVersion = 10.0.40219.1
Project("{8BC9CEB8-8B4A-11D0-8D11-00A0C91BC942}") = "买卖股票的最佳时机IV", "买卖股票的最佳时机IV\买卖股票的最佳时机IV.vcxproj", "{0032E889-EA35-4344-848C-567A3ACA3BA0}"
EndProject
Global
	GlobalSection(SolutionConfigurationPlatforms) = preSolution
		Debug|x64 = Debug|x64
		Debug|x86 = Debug|x86
		Release|x64 = Release|x64
		Release|x86 = Release|x86
	EndGlobalSection
	GlobalSection(ProjectConfigurationPlatforms) = postSolution
		{0032E889-EA35-4344-848C-567A3ACA3BA0}.Debug|x64.ActiveCfg = Debug|x64
		{0032E889-EA35-4344-848C-567A3ACA3BA0}.Debug|x64.Build.0 = Debug|x64
		{0032E889-EA35-4344-848C-567A3ACA3BA0}.Debug|x86.ActiveCfg = Debug|Win32
		{0032E889-EA35-4344-848C-567A3ACA3BA0}.Debug|x86.Build.0 = Debug|Win32
		{0032E889-EA35-4344-848C-567A3ACA3BA0}.Release|x64.ActiveCfg = Release|x64
		{0032E889-EA35-4344-848C-567A3ACA3BA0}.Release|x64.Build.0 = Release|x64
		{0032E889-EA35-4344-848C-567A3ACA3BA0}.Release|x86.ActiveCfg = Release|Win32
		{0032E889-EA35-4344-848C-567A3ACA3BA0}.Release|x86.Build.0 = Release|Win32
	EndGlobalSection
	GlobalSection(SolutionProperties) = preSolution
		HideSolutionNode = FALSE
	EndGlobalSection
	GlobalSection(ExtensibilityGlobals) = postSolution
		SolutionGuid = {7994AFCA-F4EF-4201-9D70-0F3877241E02}
	EndGlobalSection
EndGlobal
